
Microsoft Visual Studio Solution File, Format Version 12.00
# Visual Studio Version 17
VisualStudioVersion = 17.4.33122.133
MinimumVisualStudioVersion = 10.0.40219.1
Project("{8BC9CEB8-8B4A-11D0-8D11-00A0C91BC942}") = "CudaRuntime1", "CudaRuntime1\CudaRuntime1.vcxproj", "{213539E3-E074-4F5B-AD90-D019853CB124}"
EndProject
Global
	GlobalSection(SolutionConfigurationPlatforms) = preSolution
		Debug|x64 = Debug|x64
		Release|x64 = Release|x64
	EndGlobalSection
	GlobalSection(ProjectConfigurationPlatforms) = postSolution
		{213539E3-E074-4F5B-AD90-D019853CB124}.Debug|x64.ActiveCfg = Debug|x64
		{213539E3-E074-4F5B-AD90-D019853CB124}.Debug|x64.Build.0 = Debug|x64
		{213539E3-E074-4F5B-AD90-D019853CB124}.Release|x64.ActiveCfg = Release|x64
		{213539E3-E074-4F5B-AD90-D019853CB124}.Release|x64.Build.0 = Release|x64
	EndGlobalSection
	GlobalSection(SolutionProperties) = preSolution
		HideSolutionNode = FALSE
	EndGlobalSection
	GlobalSection(ExtensibilityGlobals) = postSolution
		SolutionGuid = {6FB5E952-3549-4CF6-BB0F-9F30900624A8}
	EndGlobalSection
EndGlobal
